{
  "lockfile_version": "1",
  "packages": {
    "github:NixOS/nixpkgs/nixpkgs-unstable": {
      "last_modified": "2025-12-15T04:22:15Z",
      "resolved": "github:NixOS/nixpkgs/09b8fda8959d761445f12b55f380d90375a1d6bb?lastModified=1765772535"
    },
    "python313": {
      "plugin_version": "0.0.4",
      "resolved": "github:NixOS/nixpkgs/09b8fda8959d761445f12b55f380d90375a1d6bb#python313",
      "source": "nixpkg"
    },
    "python313Packages.pip": {
      "resolved": "github:NixOS/nixpkgs/09b8fda8959d761445f12b55f380d90375a1d6bb#python313Packages.pip",
      "source": "nixpkg"
    }
  }
}
